
Microsoft Visual Studio Solution File, Format Version 12.00
# Visual Studio 15
Project("{FAE04EC0-301F-11D3-BF4B-00C04F79EFBC}") = "Assembly-CSharp-Editor", "Assembly-CSharp-Editor.csproj", "{16AC0BFC-7D42-F2AD-69EC-D40191F22F14}"
EndProject
Project("{FAE04EC0-301F-11D3-BF4B-00C04F79EFBC}") = "Assembly-CSharp", "Assembly-CSharp.csproj", "{49300CEA-43FA-F09C-3BD0-CF7CFAA76EED}"
EndProject
Global
	GlobalSection(SolutionConfigurationPlatforms) = preSolution
		Debug|Any CPU = Debug|Any CPU
		Release|Any CPU = Release|Any CPU
	EndGlobalSection
	GlobalSection(ProjectConfigurationPlatforms) = postSolution
		{16AC0BFC-7D42-F2AD-69EC-D40191F22F14}.Debug|Any CPU.ActiveCfg = Debug|Any CPU
		{16AC0BFC-7D42-F2AD-69EC-D40191F22F14}.Debug|Any CPU.Build.0 = Debug|Any CPU
		{16AC0BFC-7D42-F2AD-69EC-D40191F22F14}.Release|Any CPU.ActiveCfg = Release|Any CPU
		{16AC0BFC-7D42-F2AD-69EC-D40191F22F14}.Release|Any CPU.Build.0 = Release|Any CPU
		{49300CEA-43FA-F09C-3BD0-CF7CFAA76EED}.Debug|Any CPU.ActiveCfg = Debug|Any CPU
		{49300CEA-43FA-F09C-3BD0-CF7CFAA76EED}.Debug|Any CPU.Build.0 = Debug|Any CPU
		{49300CEA-43FA-F09C-3BD0-CF7CFAA76EED}.Release|Any CPU.ActiveCfg = Release|Any CPU
		{49300CEA-43FA-F09C-3BD0-CF7CFAA76EED}.Release|Any CPU.Build.0 = Release|Any CPU
	EndGlobalSection
	GlobalSection(SolutionProperties) = preSolution
		HideSolutionNode = FALSE
	EndGlobalSection
EndGlobal
